
Microsoft Visual Studio Solution File, Format Version 12.00
# Visual Studio Version 17
VisualStudioVersion = 17.2.32630.192
MinimumVisualStudioVersion = 10.0.40219.1
Project("{2150E333-8FDC-42A3-9474-1A3956D46DE8}") = "Dependencies", "Dependencies", "{180AA3CB-C0B6-409F-808C-EBDF5050E369}"
EndProject
Project("{2150E333-8FDC-42A3-9474-1A3956D46DE8}") = "Vanaheimr", "Vanaheimr", "{FE1E7946-34AA-48C4-ABAC-02BB4AA956C2}"
EndProject
Project("{2150E333-8FDC-42A3-9474-1A3956D46DE8}") = "OCPPv1.6", "OCPPv1.6", "{F4152E9B-4D7D-4085-B035-8CB1A4F882CB}"
EndProject
Project("{9A19103F-16F7-4668-BE54-9A1E7A4F7556}") = "WWCP_OCPPv1.6", "libs\WWCP_OCPP\WWCP_OCPPv1.6\WWCP_OCPPv1.6.csproj", "{60DFC3AA-A271-4318-AD91-45B084D50E43}"
EndProject
Project("{9A19103F-16F7-4668-BE54-9A1E7A4F7556}") = "Styx", "libs\Styx\Styx\Styx.csproj", "{E7BF7A35-3222-4D23-AADC-646F9F15D13C}"
EndProject
Project("{9A19103F-16F7-4668-BE54-9A1E7A4F7556}") = "StyxTests", "libs\Styx\StyxTests\StyxTests.csproj", "{68437646-FD24-452B-96E8-734BE1233713}"
EndProject
Project("{9A19103F-16F7-4668-BE54-9A1E7A4F7556}") = "Hermod", "libs\Hermod\Hermod\Hermod.csproj", "{4C7E236B-9331-4BFB-B30E-0ADD00FBAD26}"
EndProject
Project("{9A19103F-16F7-4668-BE54-9A1E7A4F7556}") = "HermodTests", "libs\Hermod\HermodTests\HermodTests.csproj", "{F247EE1C-A051-4FC0-A993-0D4149569C0A}"
EndProject
Project("{9A19103F-16F7-4668-BE54-9A1E7A4F7556}") = "SMSAPI", "libs\SMSAPI\SMSAPI\SMSAPI.csproj", "{D1C32337-C1AB-4C64-896C-4B8F7FB41B93}"
EndProject
Project("{9A19103F-16F7-4668-BE54-9A1E7A4F7556}") = "TelegramBotAPI", "libs\TelegramBotAPI\TelegramBotAPI\TelegramBotAPI.csproj", "{E62F2EFC-814E-4213-997B-ACE01148578E}"
EndProject
Project("{9A19103F-16F7-4668-BE54-9A1E7A4F7556}") = "UsersAPI", "libs\UsersAPI\UsersAPI\UsersAPI.csproj", "{5E3B1B0E-B19B-4E28-9F44-D6F11FE74ABB}"
EndProject
Project("{9A19103F-16F7-4668-BE54-9A1E7A4F7556}") = "UsersAPITests", "libs\UsersAPI\UsersAPITests\UsersAPITests.csproj", "{A9E224BD-24BC-46BE-BB26-D0D105CEB044}"
EndProject
Project("{2150E333-8FDC-42A3-9474-1A3956D46DE8}") = "OpenChargingCloud", "OpenChargingCloud", "{910A6BCE-61D7-4388-AB5B-58404CECA0B3}"
EndProject
Project("{9A19103F-16F7-4668-BE54-9A1E7A4F7556}") = "WWCP_Core", "libs\WWCP_Core\WWCP_Core\WWCP_Core.csproj", "{5BCDA380-A331-4686-ADF0-C8DFBDD8BC0A}"
EndProject
Project("{9A19103F-16F7-4668-BE54-9A1E7A4F7556}") = "WWCP_Core_Tests", "libs\WWCP_Core\WWCP_Core_Tests\WWCP_Core_Tests.csproj", "{5B36ABFF-AA64-44B1-87C6-6D71D9C44A66}"
EndProject
Project("{9A19103F-16F7-4668-BE54-9A1E7A4F7556}") = "OpenChargingCloudAPI", "libs\OpenChargingCloudAPI\OpenChargingCloudAPI\OpenChargingCloudAPI.csproj", "{74BC435F-1DDB-47EC-95AC-4563F591637D}"
EndProject
Project("{9A19103F-16F7-4668-BE54-9A1E7A4F7556}") = "OpenChargingCloudAPITests", "libs\OpenChargingCloudAPI\OpenChargingCloudAPITests\OpenChargingCloudAPITests.csproj", "{F4706358-AAD7-4207-A904-F3576A99200B}"
EndProject
Project("{2150E333-8FDC-42A3-9474-1A3956D46DE8}") = "ISO15118", "ISO15118", "{191FF650-158C-419E-A942-3525B0EFE29C}"
EndProject
Project("{9A19103F-16F7-4668-BE54-9A1E7A4F7556}") = "WWCP_ISO15118_20", "libs\WWCP_ISO15118_20\WWCP_ISO15118_20\WWCP_ISO15118_20.csproj", "{0BE95681-8763-4BDC-97A5-068338729226}"
EndProject
Project("{9A19103F-16F7-4668-BE54-9A1E7A4F7556}") = "WWCP_ISO15118_20_Tests", "libs\WWCP_ISO15118_20\WWCP_ISO15118_20_Tests\WWCP_ISO15118_20_Tests.csproj", "{4D25218C-74F7-4174-B7E7-0C92600997D7}"
EndProject
Project("{2150E333-8FDC-42A3-9474-1A3956D46DE8}") = "OCPPv2.1", "OCPPv2.1", "{7498B53A-D877-4C6A-8F19-DC9F5893CE6C}"
EndProject
Project("{9A19103F-16F7-4668-BE54-9A1E7A4F7556}") = "WWCP_OCPPv2.1", "libs\WWCP_OCPP\WWCP_OCPPv2.1\WWCP_OCPPv2.1.csproj", "{9EDD0775-24EB-4C79-A335-26F6B430EE67}"
EndProject
Project("{9A19103F-16F7-4668-BE54-9A1E7A4F7556}") = "WWCP_OCPPv2.1_Adapter", "libs\WWCP_OCPP\WWCP_OCPPv2.1_Adapter\WWCP_OCPPv2.1_Adapter.csproj", "{3BE62AD9-5C72-479D-81BA-7D0DE20AF83D}"
EndProject
Project("{9A19103F-16F7-4668-BE54-9A1E7A4F7556}") = "WWCP_OCPPv2.1_Tests", "libs\WWCP_OCPP\WWCP_OCPPv2.1_Tests\WWCP_OCPPv2.1_Tests.csproj", "{C6D6A214-5C1E-4241-A25E-CCA170914732}"
EndProject
Project("{9A19103F-16F7-4668-BE54-9A1E7A4F7556}") = "WWCP_ISO15118_2", "libs\WWCP_ISO15118_20\WWCP_ISO15118_2\WWCP_ISO15118_2.csproj", "{BA9CCC91-662A-451F-88EA-C4E005A97BCC}"
EndProject
Project("{9A19103F-16F7-4668-BE54-9A1E7A4F7556}") = "WWCP_ISO15118_2_Tests", "libs\WWCP_ISO15118_20\WWCP_ISO15118_2_Tests\WWCP_ISO15118_2_Tests.csproj", "{A9E06456-5B38-4114-873C-E53FB5886E91}"
EndProject
Project("{9A19103F-16F7-4668-BE54-9A1E7A4F7556}") = "WWCP_OCPPv2.1_LocalController", "libs\WWCP_OCPP\WWCP_OCPPv2.1_LocalController\WWCP_OCPPv2.1_LocalController.csproj", "{4F8DCD8C-6CBB-477D-85BA-FB131431F088}"
EndProject
Project("{9A19103F-16F7-4668-BE54-9A1E7A4F7556}") = "WWCP_OCPPv2.1_ChargingStation", "libs\WWCP_OCPP\WWCP_OCPPv2.1_ChargingStation\WWCP_OCPPv2.1_ChargingStation.csproj", "{B865CA62-77D5-4C91-AFB6-508C5E6370AA}"
EndProject
Project("{9A19103F-16F7-4668-BE54-9A1E7A4F7556}") = "WWCP_OCPPv2.1_CSMS", "libs\WWCP_OCPP\WWCP_OCPPv2.1_CSMS\WWCP_OCPPv2.1_CSMS.csproj", "{AEC6F808-BA70-489B-9223-73D99DB59356}"
EndProject
Project("{9A19103F-16F7-4668-BE54-9A1E7A4F7556}") = "WWCP_OCPP_Common", "libs\WWCP_OCPP\WWCP_OCPP_Common\WWCP_OCPP_Common.csproj", "{29C85B51-FD4F-4C05-BCE7-550A730B6F38}"
EndProject
Project("{2150E333-8FDC-42A3-9474-1A3956D46DE8}") = "OCPP", "OCPP", "{97F6E0BF-8615-4FEE-8FA3-65747BC7D067}"
EndProject
Project("{9A19103F-16F7-4668-BE54-9A1E7A4F7556}") = "WWCP_OCPPv2.1_Gateway", "libs\WWCP_OCPP\WWCP_OCPPv2.1_Gateway\WWCP_OCPPv2.1_Gateway.csproj", "{1870CC08-05AE-413D-9662-81A913FDC96A}"
EndProject
Project("{9A19103F-16F7-4668-BE54-9A1E7A4F7556}") = "WWCP_CoreData", "libs\WWCP_Core\WWCP_CoreData\WWCP_CoreData.csproj", "{37E4E75F-1EAA-42A3-84F5-028D68B146A3}"
EndProject
Project("{9A19103F-16F7-4668-BE54-9A1E7A4F7556}") = "WWCP_OCPPv2.1_EnergyMeter", "libs\WWCP_OCPP\WWCP_OCPPv2.1_EnergyMeter\WWCP_OCPPv2.1_EnergyMeter.csproj", "{F595898C-7D22-4962-B60E-7C48F57B0216}"
EndProject
Project("{9A19103F-16F7-4668-BE54-9A1E7A4F7556}") = "CSMS", "CSMS\CSMS.csproj", "{726CCB8A-CA5D-40E6-A629-BD792E6BC572}"
EndProject
Project("{9A19103F-16F7-4668-BE54-9A1E7A4F7556}") = "WWCP_OverlayNetworking_Tests", "libs\WWCP_Core\WWCP_OverlayNetworking_Tests\WWCP_OverlayNetworking_Tests.csproj", "{9477BC08-9BAC-4906-9103-B278CE7F454D}"
EndProject
Project("{9A19103F-16F7-4668-BE54-9A1E7A4F7556}") = "WWCP_OverlayNetworking2", "libs\WWCP_Core\WWCP_OverlayNetworking2\WWCP_OverlayNetworking2.csproj", "{58833A97-EDB9-43F7-A129-C1117831A71D}"
EndProject
Project("{9A19103F-16F7-4668-BE54-9A1E7A4F7556}") = "WWCP_OverlayNetworking", "libs\WWCP_Core\WWCP_OverlayNetworking\WWCP_OverlayNetworking.csproj", "{5260D9D1-998E-4143-96F2-694C7302B159}"
EndProject
Project("{9A19103F-16F7-4668-BE54-9A1E7A4F7556}") = "WWCP_OCPPv1.6_CentralSystem", "libs\WWCP_OCPP\WWCP_OCPPv1.6_CentralSystem\WWCP_OCPPv1.6_CentralSystem.csproj", "{C88C36AE-4FCD-4C30-82FA-1F0E4F4C50FE}"
EndProject
Project("{9A19103F-16F7-4668-BE54-9A1E7A4F7556}") = "WWCP_OCPPv1.6_ChargePoint", "libs\WWCP_OCPP\WWCP_OCPPv1.6_ChargePoint\WWCP_OCPPv1.6_ChargePoint.csproj", "{5B0D3EBB-1E90-403C-937B-4703CF72E544}"
EndProject
Project("{9A19103F-16F7-4668-BE54-9A1E7A4F7556}") = "WWCP_OCPPv1.6_LocalController", "libs\WWCP_OCPP\WWCP_OCPPv1.6_LocalController\WWCP_OCPPv1.6_LocalController.csproj", "{F4D7822F-5B7A-487D-81D4-32EF3A675DDF}"
EndProject
Project("{9A19103F-16F7-4668-BE54-9A1E7A4F7556}") = "WWCP_OCPPv1.6_Tests", "libs\WWCP_OCPP\WWCP_OCPPv1.6_Tests\WWCP_OCPPv1.6_Tests.csproj", "{76D9D19B-0CED-4673-84C1-08347A84EF04}"
EndProject
Project("{9A19103F-16F7-4668-BE54-9A1E7A4F7556}") = "WWCP_OCPPv1.6_Adapter", "libs\WWCP_OCPP\WWCP_OCPPv1.6_Adapter\WWCP_OCPPv1.6_Adapter.csproj", "{2F0A16EE-08DE-44D7-A4D5-7D9467006EF2}"
EndProject
Project("{FAE04EC0-301F-11D3-BF4B-00C04F79EFBC}") = "WWCP_OCPPv2.1_BatterySwapStation", "libs\WWCP_OCPP\WWCP_OCPPv2.1_BatterySwapStation\WWCP_OCPPv2.1_BatterySwapStation.csproj", "{9AA4254E-5F1A-4A51-B24C-2F0DD386991B}"
EndProject
Project("{2150E333-8FDC-42A3-9474-1A3956D46DE8}") = "DatexII", "DatexII", "{02EA681E-C7D8-13C7-8484-4AC65E1B71E8}"
EndProject
Project("{FAE04EC0-301F-11D3-BF4B-00C04F79EFBC}") = "WWCP_DatexII", "libs\WWCP_DatexII\WWCP_DatexII\WWCP_DatexII.csproj", "{14D3E45E-0D22-45F8-A4FB-26EB98BE147D}"
EndProject
Project("{FAE04EC0-301F-11D3-BF4B-00C04F79EFBC}") = "WWCP_DatexII_Tests", "libs\WWCP_DatexII\WWCP_DatexII_Tests\WWCP_DatexII_Tests.csproj", "{B3880D51-D541-4636-BE9E-4FA67FC1D93E}"
EndProject
Project("{FAE04EC0-301F-11D3-BF4B-00C04F79EFBC}") = "WWCP_DatexII_Adapter", "libs\WWCP_DatexII\WWCP_DatexII_Adapter\WWCP_DatexII_Adapter.csproj", "{8C69DA92-8335-4604-B3E2-5F3D6A56BCDA}"
EndProject
Project("{FAE04EC0-301F-11D3-BF4B-00C04F79EFBC}") = "WWCP_DatexII_WebAPI", "libs\WWCP_DatexII\WWCP_DatexII_WebAPI\WWCP_DatexII_WebAPI.csproj", "{F0C86122-283A-E1EB-F41C-CD33F9FF59C6}"
EndProject
Project("{FAE04EC0-301F-11D3-BF4B-00C04F79EFBC}") = "WWCP_OCPPv2.1_CommissioningService", "libs\WWCP_OCPP\WWCP_OCPPv2.1_CommissioningService\WWCP_OCPPv2.1_CommissioningService.csproj", "{4EB9E618-7B22-45F3-A25A-28CF9CFE6F2C}"
EndProject
Project("{FAE04EC0-301F-11D3-BF4B-00C04F79EFBC}") = "Norn", "libs\Norn\Norn\Norn.csproj", "{E971B5B7-74AE-4EE9-B758-2F4894CB6999}"
EndProject
Project("{FAE04EC0-301F-11D3-BF4B-00C04F79EFBC}") = "NornTests", "libs\Norn\NornTests\NornTests.csproj", "{696D9A4A-CC58-4E16-9627-2D83F6A94EBE}"
EndProject
Global
	GlobalSection(SolutionConfigurationPlatforms) = preSolution
		Debug|Any CPU = Debug|Any CPU
		Release|Any CPU = Release|Any CPU
	EndGlobalSection
	GlobalSection(ProjectConfigurationPlatforms) = postSolution
		{60DFC3AA-A271-4318-AD91-45B084D50E43}.Debug|Any CPU.ActiveCfg = Debug|Any CPU
		{60DFC3AA-A271-4318-AD91-45B084D50E43}.Debug|Any CPU.Build.0 = Debug|Any CPU
		{60DFC3AA-A271-4318-AD91-45B084D50E43}.Release|Any CPU.ActiveCfg = Release|Any CPU
		{60DFC3AA-A271-4318-AD91-45B084D50E43}.Release|Any CPU.Build.0 = Release|Any CPU
		{E7BF7A35-3222-4D23-AADC-646F9F15D13C}.Debug|Any CPU.ActiveCfg = Debug|Any CPU
		{E7BF7A35-3222-4D23-AADC-646F9F15D13C}.Debug|Any CPU.Build.0 = Debug|Any CPU
		{E7BF7A35-3222-4D23-AADC-646F9F15D13C}.Release|Any CPU.ActiveCfg = Release|Any CPU
		{E7BF7A35-3222-4D23-AADC-646F9F15D13C}.Release|Any CPU.Build.0 = Release|Any CPU
		{68437646-FD24-452B-96E8-734BE1233713}.Debug|Any CPU.ActiveCfg = Debug|Any CPU
		{68437646-FD24-452B-96E8-734BE1233713}.Debug|Any CPU.Build.0 = Debug|Any CPU
		{68437646-FD24-452B-96E8-734BE1233713}.Release|Any CPU.ActiveCfg = Release|Any CPU
		{68437646-FD24-452B-96E8-734BE1233713}.Release|Any CPU.Build.0 = Release|Any CPU
		{4C7E236B-9331-4BFB-B30E-0ADD00FBAD26}.Debug|Any CPU.ActiveCfg = Debug|Any CPU
		{4C7E236B-9331-4BFB-B30E-0ADD00FBAD26}.Debug|Any CPU.Build.0 = Debug|Any CPU
		{4C7E236B-9331-4BFB-B30E-0ADD00FBAD26}.Release|Any CPU.ActiveCfg = Release|Any CPU
		{4C7E236B-9331-4BFB-B30E-0ADD00FBAD26}.Release|Any CPU.Build.0 = Release|Any CPU
		{F247EE1C-A051-4FC0-A993-0D4149569C0A}.Debug|Any CPU.ActiveCfg = Debug|Any CPU
		{F247EE1C-A051-4FC0-A993-0D4149569C0A}.Debug|Any CPU.Build.0 = Debug|Any CPU
		{F247EE1C-A051-4FC0-A993-0D4149569C0A}.Release|Any CPU.ActiveCfg = Release|Any CPU
		{F247EE1C-A051-4FC0-A993-0D4149569C0A}.Release|Any CPU.Build.0 = Release|Any CPU
		{D1C32337-C1AB-4C64-896C-4B8F7FB41B93}.Debug|Any CPU.ActiveCfg = Debug|Any CPU
		{D1C32337-C1AB-4C64-896C-4B8F7FB41B93}.Debug|Any CPU.Build.0 = Debug|Any CPU
		{D1C32337-C1AB-4C64-896C-4B8F7FB41B93}.Release|Any CPU.ActiveCfg = Release|Any CPU
		{D1C32337-C1AB-4C64-896C-4B8F7FB41B93}.Release|Any CPU.Build.0 = Release|Any CPU
		{E62F2EFC-814E-4213-997B-ACE01148578E}.Debug|Any CPU.ActiveCfg = Debug|Any CPU
		{E62F2EFC-814E-4213-997B-ACE01148578E}.Debug|Any CPU.Build.0 = Debug|Any CPU
		{E62F2EFC-814E-4213-997B-ACE01148578E}.Release|Any CPU.ActiveCfg = Release|Any CPU
		{E62F2EFC-814E-4213-997B-ACE01148578E}.Release|Any CPU.Build.0 = Release|Any CPU
		{5E3B1B0E-B19B-4E28-9F44-D6F11FE74ABB}.Debug|Any CPU.ActiveCfg = Debug|Any CPU
		{5E3B1B0E-B19B-4E28-9F44-D6F11FE74ABB}.Debug|Any CPU.Build.0 = Debug|Any CPU
		{5E3B1B0E-B19B-4E28-9F44-D6F11FE74ABB}.Release|Any CPU.ActiveCfg = Release|Any CPU
		{5E3B1B0E-B19B-4E28-9F44-D6F11FE74ABB}.Release|Any CPU.Build.0 = Release|Any CPU
		{A9E224BD-24BC-46BE-BB26-D0D105CEB044}.Debug|Any CPU.ActiveCfg = Debug|Any CPU
		{A9E224BD-24BC-46BE-BB26-D0D105CEB044}.Debug|Any CPU.Build.0 = Debug|Any CPU
		{A9E224BD-24BC-46BE-BB26-D0D105CEB044}.Release|Any CPU.ActiveCfg = Release|Any CPU
		{A9E224BD-24BC-46BE-BB26-D0D105CEB044}.Release|Any CPU.Build.0 = Release|Any CPU
		{5BCDA380-A331-4686-ADF0-C8DFBDD8BC0A}.Debug|Any CPU.ActiveCfg = Debug|Any CPU
		{5BCDA380-A331-4686-ADF0-C8DFBDD8BC0A}.Debug|Any CPU.Build.0 = Debug|Any CPU
		{5BCDA380-A331-4686-ADF0-C8DFBDD8BC0A}.Release|Any CPU.ActiveCfg = Release|Any CPU
		{5BCDA380-A331-4686-ADF0-C8DFBDD8BC0A}.Release|Any CPU.Build.0 = Release|Any CPU
		{5B36ABFF-AA64-44B1-87C6-6D71D9C44A66}.Debug|Any CPU.ActiveCfg = Debug|Any CPU
		{5B36ABFF-AA64-44B1-87C6-6D71D9C44A66}.Debug|Any CPU.Build.0 = Debug|Any CPU
		{5B36ABFF-AA64-44B1-87C6-6D71D9C44A66}.Release|Any CPU.ActiveCfg = Release|Any CPU
		{5B36ABFF-AA64-44B1-87C6-6D71D9C44A66}.Release|Any CPU.Build.0 = Release|Any CPU
		{74BC435F-1DDB-47EC-95AC-4563F591637D}.Debug|Any CPU.ActiveCfg = Debug|Any CPU
		{74BC435F-1DDB-47EC-95AC-4563F591637D}.Debug|Any CPU.Build.0 = Debug|Any CPU
		{74BC435F-1DDB-47EC-95AC-4563F591637D}.Release|Any CPU.ActiveCfg = Release|Any CPU
		{74BC435F-1DDB-47EC-95AC-4563F591637D}.Release|Any CPU.Build.0 = Release|Any CPU
		{F4706358-AAD7-4207-A904-F3576A99200B}.Debug|Any CPU.ActiveCfg = Debug|Any CPU
		{F4706358-AAD7-4207-A904-F3576A99200B}.Debug|Any CPU.Build.0 = Debug|Any CPU
		{F4706358-AAD7-4207-A904-F3576A99200B}.Release|Any CPU.ActiveCfg = Release|Any CPU
		{F4706358-AAD7-4207-A904-F3576A99200B}.Release|Any CPU.Build.0 = Release|Any CPU
		{0BE95681-8763-4BDC-97A5-068338729226}.Debug|Any CPU.ActiveCfg = Debug|Any CPU
		{0BE95681-8763-4BDC-97A5-068338729226}.Debug|Any CPU.Build.0 = Debug|Any CPU
		{0BE95681-8763-4BDC-97A5-068338729226}.Release|Any CPU.ActiveCfg = Release|Any CPU
		{0BE95681-8763-4BDC-97A5-068338729226}.Release|Any CPU.Build.0 = Release|Any CPU
		{4D25218C-74F7-4174-B7E7-0C92600997D7}.Debug|Any CPU.ActiveCfg = Debug|Any CPU
		{4D25218C-74F7-4174-B7E7-0C92600997D7}.Debug|Any CPU.Build.0 = Debug|Any CPU
		{4D25218C-74F7-4174-B7E7-0C92600997D7}.Release|Any CPU.ActiveCfg = Release|Any CPU
		{4D25218C-74F7-4174-B7E7-0C92600997D7}.Release|Any CPU.Build.0 = Release|Any CPU
		{9EDD0775-24EB-4C79-A335-26F6B430EE67}.Debug|Any CPU.ActiveCfg = Debug|Any CPU
		{9EDD0775-24EB-4C79-A335-26F6B430EE67}.Debug|Any CPU.Build.0 = Debug|Any CPU
		{9EDD0775-24EB-4C79-A335-26F6B430EE67}.Release|Any CPU.ActiveCfg = Release|Any CPU
		{9EDD0775-24EB-4C79-A335-26F6B430EE67}.Release|Any CPU.Build.0 = Release|Any CPU
		{3BE62AD9-5C72-479D-81BA-7D0DE20AF83D}.Debug|Any CPU.ActiveCfg = Debug|Any CPU
		{3BE62AD9-5C72-479D-81BA-7D0DE20AF83D}.Debug|Any CPU.Build.0 = Debug|Any CPU
		{3BE62AD9-5C72-479D-81BA-7D0DE20AF83D}.Release|Any CPU.ActiveCfg = Release|Any CPU
		{3BE62AD9-5C72-479D-81BA-7D0DE20AF83D}.Release|Any CPU.Build.0 = Release|Any CPU
		{C6D6A214-5C1E-4241-A25E-CCA170914732}.Debug|Any CPU.ActiveCfg = Debug|Any CPU
		{C6D6A214-5C1E-4241-A25E-CCA170914732}.Debug|Any CPU.Build.0 = Debug|Any CPU
		{C6D6A214-5C1E-4241-A25E-CCA170914732}.Release|Any CPU.ActiveCfg = Release|Any CPU
		{C6D6A214-5C1E-4241-A25E-CCA170914732}.Release|Any CPU.Build.0 = Release|Any CPU
		{BA9CCC91-662A-451F-88EA-C4E005A97BCC}.Debug|Any CPU.ActiveCfg = Debug|Any CPU
		{BA9CCC91-662A-451F-88EA-C4E005A97BCC}.Debug|Any CPU.Build.0 = Debug|Any CPU
		{BA9CCC91-662A-451F-88EA-C4E005A97BCC}.Release|Any CPU.ActiveCfg = Release|Any CPU
		{BA9CCC91-662A-451F-88EA-C4E005A97BCC}.Release|Any CPU.Build.0 = Release|Any CPU
		{A9E06456-5B38-4114-873C-E53FB5886E91}.Debug|Any CPU.ActiveCfg = Debug|Any CPU
		{A9E06456-5B38-4114-873C-E53FB5886E91}.Debug|Any CPU.Build.0 = Debug|Any CPU
		{A9E06456-5B38-4114-873C-E53FB5886E91}.Release|Any CPU.ActiveCfg = Release|Any CPU
		{A9E06456-5B38-4114-873C-E53FB5886E91}.Release|Any CPU.Build.0 = Release|Any CPU
		{4F8DCD8C-6CBB-477D-85BA-FB131431F088}.Debug|Any CPU.ActiveCfg = Debug|Any CPU
		{4F8DCD8C-6CBB-477D-85BA-FB131431F088}.Debug|Any CPU.Build.0 = Debug|Any CPU
		{4F8DCD8C-6CBB-477D-85BA-FB131431F088}.Release|Any CPU.ActiveCfg = Release|Any CPU
		{4F8DCD8C-6CBB-477D-85BA-FB131431F088}.Release|Any CPU.Build.0 = Release|Any CPU
		{B865CA62-77D5-4C91-AFB6-508C5E6370AA}.Debug|Any CPU.ActiveCfg = Debug|Any CPU
		{B865CA62-77D5-4C91-AFB6-508C5E6370AA}.Debug|Any CPU.Build.0 = Debug|Any CPU
		{B865CA62-77D5-4C91-AFB6-508C5E6370AA}.Release|Any CPU.ActiveCfg = Release|Any CPU
		{B865CA62-77D5-4C91-AFB6-508C5E6370AA}.Release|Any CPU.Build.0 = Release|Any CPU
		{AEC6F808-BA70-489B-9223-73D99DB59356}.Debug|Any CPU.ActiveCfg = Debug|Any CPU
		{AEC6F808-BA70-489B-9223-73D99DB59356}.Debug|Any CPU.Build.0 = Debug|Any CPU
		{AEC6F808-BA70-489B-9223-73D99DB59356}.Release|Any CPU.ActiveCfg = Release|Any CPU
		{AEC6F808-BA70-489B-9223-73D99DB59356}.Release|Any CPU.Build.0 = Release|Any CPU
		{29C85B51-FD4F-4C05-BCE7-550A730B6F38}.Debug|Any CPU.ActiveCfg = Debug|Any CPU
		{29C85B51-FD4F-4C05-BCE7-550A730B6F38}.Debug|Any CPU.Build.0 = Debug|Any CPU
		{29C85B51-FD4F-4C05-BCE7-550A730B6F38}.Release|Any CPU.ActiveCfg = Release|Any CPU
		{29C85B51-FD4F-4C05-BCE7-550A730B6F38}.Release|Any CPU.Build.0 = Release|Any CPU
		{1870CC08-05AE-413D-9662-81A913FDC96A}.Debug|Any CPU.ActiveCfg = Debug|Any CPU
		{1870CC08-05AE-413D-9662-81A913FDC96A}.Debug|Any CPU.Build.0 = Debug|Any CPU
		{1870CC08-05AE-413D-9662-81A913FDC96A}.Release|Any CPU.ActiveCfg = Release|Any CPU
		{1870CC08-05AE-413D-9662-81A913FDC96A}.Release|Any CPU.Build.0 = Release|Any CPU
		{37E4E75F-1EAA-42A3-84F5-028D68B146A3}.Debug|Any CPU.ActiveCfg = Debug|Any CPU
		{37E4E75F-1EAA-42A3-84F5-028D68B146A3}.Debug|Any CPU.Build.0 = Debug|Any CPU
		{37E4E75F-1EAA-42A3-84F5-028D68B146A3}.Release|Any CPU.ActiveCfg = Release|Any CPU
		{37E4E75F-1EAA-42A3-84F5-028D68B146A3}.Release|Any CPU.Build.0 = Release|Any CPU
		{F595898C-7D22-4962-B60E-7C48F57B0216}.Debug|Any CPU.ActiveCfg = Debug|Any CPU
		{F595898C-7D22-4962-B60E-7C48F57B0216}.Debug|Any CPU.Build.0 = Debug|Any CPU
		{F595898C-7D22-4962-B60E-7C48F57B0216}.Release|Any CPU.ActiveCfg = Release|Any CPU
		{F595898C-7D22-4962-B60E-7C48F57B0216}.Release|Any CPU.Build.0 = Release|Any CPU
		{726CCB8A-CA5D-40E6-A629-BD792E6BC572}.Debug|Any CPU.ActiveCfg = Debug|Any CPU
		{726CCB8A-CA5D-40E6-A629-BD792E6BC572}.Debug|Any CPU.Build.0 = Debug|Any CPU
		{726CCB8A-CA5D-40E6-A629-BD792E6BC572}.Release|Any CPU.ActiveCfg = Release|Any CPU
		{726CCB8A-CA5D-40E6-A629-BD792E6BC572}.Release|Any CPU.Build.0 = Release|Any CPU
		{9477BC08-9BAC-4906-9103-B278CE7F454D}.Debug|Any CPU.ActiveCfg = Debug|Any CPU
		{9477BC08-9BAC-4906-9103-B278CE7F454D}.Debug|Any CPU.Build.0 = Debug|Any CPU
		{9477BC08-9BAC-4906-9103-B278CE7F454D}.Release|Any CPU.ActiveCfg = Release|Any CPU
		{9477BC08-9BAC-4906-9103-B278CE7F454D}.Release|Any CPU.Build.0 = Release|Any CPU
		{58833A97-EDB9-43F7-A129-C1117831A71D}.Debug|Any CPU.ActiveCfg = Debug|Any CPU
		{58833A97-EDB9-43F7-A129-C1117831A71D}.Debug|Any CPU.Build.0 = Debug|Any CPU
		{58833A97-EDB9-43F7-A129-C1117831A71D}.Release|Any CPU.ActiveCfg = Release|Any CPU
		{58833A97-EDB9-43F7-A129-C1117831A71D}.Release|Any CPU.Build.0 = Release|Any CPU
		{5260D9D1-998E-4143-96F2-694C7302B159}.Debug|Any CPU.ActiveCfg = Debug|Any CPU
		{5260D9D1-998E-4143-96F2-694C7302B159}.Debug|Any CPU.Build.0 = Debug|Any CPU
		{5260D9D1-998E-4143-96F2-694C7302B159}.Release|Any CPU.ActiveCfg = Release|Any CPU
		{5260D9D1-998E-4143-96F2-694C7302B159}.Release|Any CPU.Build.0 = Release|Any CPU
		{C88C36AE-4FCD-4C30-82FA-1F0E4F4C50FE}.Debug|Any CPU.ActiveCfg = Debug|Any CPU
		{C88C36AE-4FCD-4C30-82FA-1F0E4F4C50FE}.Debug|Any CPU.Build.0 = Debug|Any CPU
		{C88C36AE-4FCD-4C30-82FA-1F0E4F4C50FE}.Release|Any CPU.ActiveCfg = Release|Any CPU
		{C88C36AE-4FCD-4C30-82FA-1F0E4F4C50FE}.Release|Any CPU.Build.0 = Release|Any CPU
		{5B0D3EBB-1E90-403C-937B-4703CF72E544}.Debug|Any CPU.ActiveCfg = Debug|Any CPU
		{5B0D3EBB-1E90-403C-937B-4703CF72E544}.Debug|Any CPU.Build.0 = Debug|Any CPU
		{5B0D3EBB-1E90-403C-937B-4703CF72E544}.Release|Any CPU.ActiveCfg = Release|Any CPU
		{5B0D3EBB-1E90-403C-937B-4703CF72E544}.Release|Any CPU.Build.0 = Release|Any CPU
		{F4D7822F-5B7A-487D-81D4-32EF3A675DDF}.Debug|Any CPU.ActiveCfg = Debug|Any CPU
		{F4D7822F-5B7A-487D-81D4-32EF3A675DDF}.Debug|Any CPU.Build.0 = Debug|Any CPU
		{F4D7822F-5B7A-487D-81D4-32EF3A675DDF}.Release|Any CPU.ActiveCfg = Release|Any CPU
		{F4D7822F-5B7A-487D-81D4-32EF3A675DDF}.Release|Any CPU.Build.0 = Release|Any CPU
		{76D9D19B-0CED-4673-84C1-08347A84EF04}.Debug|Any CPU.ActiveCfg = Debug|Any CPU
		{76D9D19B-0CED-4673-84C1-08347A84EF04}.Debug|Any CPU.Build.0 = Debug|Any CPU
		{76D9D19B-0CED-4673-84C1-08347A84EF04}.Release|Any CPU.ActiveCfg = Release|Any CPU
		{76D9D19B-0CED-4673-84C1-08347A84EF04}.Release|Any CPU.Build.0 = Release|Any CPU
		{2F0A16EE-08DE-44D7-A4D5-7D9467006EF2}.Debug|Any CPU.ActiveCfg = Debug|Any CPU
		{2F0A16EE-08DE-44D7-A4D5-7D9467006EF2}.Debug|Any CPU.Build.0 = Debug|Any CPU
		{2F0A16EE-08DE-44D7-A4D5-7D9467006EF2}.Release|Any CPU.ActiveCfg = Release|Any CPU
		{2F0A16EE-08DE-44D7-A4D5-7D9467006EF2}.Release|Any CPU.Build.0 = Release|Any CPU
		{9AA4254E-5F1A-4A51-B24C-2F0DD386991B}.Debug|Any CPU.ActiveCfg = Debug|Any CPU
		{9AA4254E-5F1A-4A51-B24C-2F0DD386991B}.Debug|Any CPU.Build.0 = Debug|Any CPU
		{9AA4254E-5F1A-4A51-B24C-2F0DD386991B}.Release|Any CPU.ActiveCfg = Release|Any CPU
		{9AA4254E-5F1A-4A51-B24C-2F0DD386991B}.Release|Any CPU.Build.0 = Release|Any CPU
		{14D3E45E-0D22-45F8-A4FB-26EB98BE147D}.Debug|Any CPU.ActiveCfg = Debug|Any CPU
		{14D3E45E-0D22-45F8-A4FB-26EB98BE147D}.Debug|Any CPU.Build.0 = Debug|Any CPU
		{14D3E45E-0D22-45F8-A4FB-26EB98BE147D}.Release|Any CPU.ActiveCfg = Release|Any CPU
		{14D3E45E-0D22-45F8-A4FB-26EB98BE147D}.Release|Any CPU.Build.0 = Release|Any CPU
		{B3880D51-D541-4636-BE9E-4FA67FC1D93E}.Debug|Any CPU.ActiveCfg = Debug|Any CPU
		{B3880D51-D541-4636-BE9E-4FA67FC1D93E}.Debug|Any CPU.Build.0 = Debug|Any CPU
		{B3880D51-D541-4636-BE9E-4FA67FC1D93E}.Release|Any CPU.ActiveCfg = Release|Any CPU
		{B3880D51-D541-4636-BE9E-4FA67FC1D93E}.Release|Any CPU.Build.0 = Release|Any CPU
		{8C69DA92-8335-4604-B3E2-5F3D6A56BCDA}.Debug|Any CPU.ActiveCfg = Debug|Any CPU
		{8C69DA92-8335-4604-B3E2-5F3D6A56BCDA}.Debug|Any CPU.Build.0 = Debug|Any CPU
		{8C69DA92-8335-4604-B3E2-5F3D6A56BCDA}.Release|Any CPU.ActiveCfg = Release|Any CPU
		{8C69DA92-8335-4604-B3E2-5F3D6A56BCDA}.Release|Any CPU.Build.0 = Release|Any CPU
		{F0C86122-283A-E1EB-F41C-CD33F9FF59C6}.Debug|Any CPU.ActiveCfg = Debug|Any CPU
		{F0C86122-283A-E1EB-F41C-CD33F9FF59C6}.Debug|Any CPU.Build.0 = Debug|Any CPU
		{F0C86122-283A-E1EB-F41C-CD33F9FF59C6}.Release|Any CPU.ActiveCfg = Release|Any CPU
		{F0C86122-283A-E1EB-F41C-CD33F9FF59C6}.Release|Any CPU.Build.0 = Release|Any CPU
		{4EB9E618-7B22-45F3-A25A-28CF9CFE6F2C}.Debug|Any CPU.ActiveCfg = Debug|Any CPU
		{4EB9E618-7B22-45F3-A25A-28CF9CFE6F2C}.Debug|Any CPU.Build.0 = Debug|Any CPU
		{4EB9E618-7B22-45F3-A25A-28CF9CFE6F2C}.Release|Any CPU.ActiveCfg = Release|Any CPU
		{4EB9E618-7B22-45F3-A25A-28CF9CFE6F2C}.Release|Any CPU.Build.0 = Release|Any CPU
		{E971B5B7-74AE-4EE9-B758-2F4894CB6999}.Debug|Any CPU.ActiveCfg = Debug|Any CPU
		{E971B5B7-74AE-4EE9-B758-2F4894CB6999}.Debug|Any CPU.Build.0 = Debug|Any CPU
		{E971B5B7-74AE-4EE9-B758-2F4894CB6999}.Release|Any CPU.ActiveCfg = Release|Any CPU
		{E971B5B7-74AE-4EE9-B758-2F4894CB6999}.Release|Any CPU.Build.0 = Release|Any CPU
		{696D9A4A-CC58-4E16-9627-2D83F6A94EBE}.Debug|Any CPU.ActiveCfg = Debug|Any CPU
		{696D9A4A-CC58-4E16-9627-2D83F6A94EBE}.Debug|Any CPU.Build.0 = Debug|Any CPU
		{696D9A4A-CC58-4E16-9627-2D83F6A94EBE}.Release|Any CPU.ActiveCfg = Release|Any CPU
		{696D9A4A-CC58-4E16-9627-2D83F6A94EBE}.Release|Any CPU.Build.0 = Release|Any CPU
	EndGlobalSection
	GlobalSection(SolutionProperties) = preSolution
		HideSolutionNode = FALSE
	EndGlobalSection
	GlobalSection(NestedProjects) = preSolution
		{FE1E7946-34AA-48C4-ABAC-02BB4AA956C2} = {180AA3CB-C0B6-409F-808C-EBDF5050E369}
		{F4152E9B-4D7D-4085-B035-8CB1A4F882CB} = {97F6E0BF-8615-4FEE-8FA3-65747BC7D067}
		{60DFC3AA-A271-4318-AD91-45B084D50E43} = {F4152E9B-4D7D-4085-B035-8CB1A4F882CB}
		{E7BF7A35-3222-4D23-AADC-646F9F15D13C} = {FE1E7946-34AA-48C4-ABAC-02BB4AA956C2}
		{68437646-FD24-452B-96E8-734BE1233713} = {FE1E7946-34AA-48C4-ABAC-02BB4AA956C2}
		{4C7E236B-9331-4BFB-B30E-0ADD00FBAD26} = {FE1E7946-34AA-48C4-ABAC-02BB4AA956C2}
		{F247EE1C-A051-4FC0-A993-0D4149569C0A} = {FE1E7946-34AA-48C4-ABAC-02BB4AA956C2}
		{D1C32337-C1AB-4C64-896C-4B8F7FB41B93} = {FE1E7946-34AA-48C4-ABAC-02BB4AA956C2}
		{E62F2EFC-814E-4213-997B-ACE01148578E} = {FE1E7946-34AA-48C4-ABAC-02BB4AA956C2}
		{5E3B1B0E-B19B-4E28-9F44-D6F11FE74ABB} = {FE1E7946-34AA-48C4-ABAC-02BB4AA956C2}
		{A9E224BD-24BC-46BE-BB26-D0D105CEB044} = {FE1E7946-34AA-48C4-ABAC-02BB4AA956C2}
		{910A6BCE-61D7-4388-AB5B-58404CECA0B3} = {180AA3CB-C0B6-409F-808C-EBDF5050E369}
		{5BCDA380-A331-4686-ADF0-C8DFBDD8BC0A} = {910A6BCE-61D7-4388-AB5B-58404CECA0B3}
		{5B36ABFF-AA64-44B1-87C6-6D71D9C44A66} = {910A6BCE-61D7-4388-AB5B-58404CECA0B3}
		{74BC435F-1DDB-47EC-95AC-4563F591637D} = {910A6BCE-61D7-4388-AB5B-58404CECA0B3}
		{F4706358-AAD7-4207-A904-F3576A99200B} = {910A6BCE-61D7-4388-AB5B-58404CECA0B3}
		{191FF650-158C-419E-A942-3525B0EFE29C} = {180AA3CB-C0B6-409F-808C-EBDF5050E369}
		{0BE95681-8763-4BDC-97A5-068338729226} = {191FF650-158C-419E-A942-3525B0EFE29C}
		{4D25218C-74F7-4174-B7E7-0C92600997D7} = {191FF650-158C-419E-A942-3525B0EFE29C}
		{7498B53A-D877-4C6A-8F19-DC9F5893CE6C} = {97F6E0BF-8615-4FEE-8FA3-65747BC7D067}
		{9EDD0775-24EB-4C79-A335-26F6B430EE67} = {7498B53A-D877-4C6A-8F19-DC9F5893CE6C}
		{3BE62AD9-5C72-479D-81BA-7D0DE20AF83D} = {7498B53A-D877-4C6A-8F19-DC9F5893CE6C}
		{C6D6A214-5C1E-4241-A25E-CCA170914732} = {7498B53A-D877-4C6A-8F19-DC9F5893CE6C}
		{BA9CCC91-662A-451F-88EA-C4E005A97BCC} = {191FF650-158C-419E-A942-3525B0EFE29C}
		{A9E06456-5B38-4114-873C-E53FB5886E91} = {191FF650-158C-419E-A942-3525B0EFE29C}
		{4F8DCD8C-6CBB-477D-85BA-FB131431F088} = {7498B53A-D877-4C6A-8F19-DC9F5893CE6C}
		{B865CA62-77D5-4C91-AFB6-508C5E6370AA} = {7498B53A-D877-4C6A-8F19-DC9F5893CE6C}
		{AEC6F808-BA70-489B-9223-73D99DB59356} = {7498B53A-D877-4C6A-8F19-DC9F5893CE6C}
		{29C85B51-FD4F-4C05-BCE7-550A730B6F38} = {97F6E0BF-8615-4FEE-8FA3-65747BC7D067}
		{97F6E0BF-8615-4FEE-8FA3-65747BC7D067} = {180AA3CB-C0B6-409F-808C-EBDF5050E369}
		{1870CC08-05AE-413D-9662-81A913FDC96A} = {7498B53A-D877-4C6A-8F19-DC9F5893CE6C}
		{37E4E75F-1EAA-42A3-84F5-028D68B146A3} = {910A6BCE-61D7-4388-AB5B-58404CECA0B3}
		{F595898C-7D22-4962-B60E-7C48F57B0216} = {7498B53A-D877-4C6A-8F19-DC9F5893CE6C}
		{9477BC08-9BAC-4906-9103-B278CE7F454D} = {910A6BCE-61D7-4388-AB5B-58404CECA0B3}
		{58833A97-EDB9-43F7-A129-C1117831A71D} = {910A6BCE-61D7-4388-AB5B-58404CECA0B3}
		{5260D9D1-998E-4143-96F2-694C7302B159} = {910A6BCE-61D7-4388-AB5B-58404CECA0B3}
		{C88C36AE-4FCD-4C30-82FA-1F0E4F4C50FE} = {F4152E9B-4D7D-4085-B035-8CB1A4F882CB}
		{5B0D3EBB-1E90-403C-937B-4703CF72E544} = {F4152E9B-4D7D-4085-B035-8CB1A4F882CB}
		{F4D7822F-5B7A-487D-81D4-32EF3A675DDF} = {F4152E9B-4D7D-4085-B035-8CB1A4F882CB}
		{76D9D19B-0CED-4673-84C1-08347A84EF04} = {F4152E9B-4D7D-4085-B035-8CB1A4F882CB}
		{2F0A16EE-08DE-44D7-A4D5-7D9467006EF2} = {F4152E9B-4D7D-4085-B035-8CB1A4F882CB}
		{9AA4254E-5F1A-4A51-B24C-2F0DD386991B} = {7498B53A-D877-4C6A-8F19-DC9F5893CE6C}
		{02EA681E-C7D8-13C7-8484-4AC65E1B71E8} = {180AA3CB-C0B6-409F-808C-EBDF5050E369}
		{14D3E45E-0D22-45F8-A4FB-26EB98BE147D} = {02EA681E-C7D8-13C7-8484-4AC65E1B71E8}
		{B3880D51-D541-4636-BE9E-4FA67FC1D93E} = {02EA681E-C7D8-13C7-8484-4AC65E1B71E8}
		{8C69DA92-8335-4604-B3E2-5F3D6A56BCDA} = {02EA681E-C7D8-13C7-8484-4AC65E1B71E8}
		{F0C86122-283A-E1EB-F41C-CD33F9FF59C6} = {02EA681E-C7D8-13C7-8484-4AC65E1B71E8}
		{4EB9E618-7B22-45F3-A25A-28CF9CFE6F2C} = {7498B53A-D877-4C6A-8F19-DC9F5893CE6C}
		{E971B5B7-74AE-4EE9-B758-2F4894CB6999} = {FE1E7946-34AA-48C4-ABAC-02BB4AA956C2}
		{696D9A4A-CC58-4E16-9627-2D83F6A94EBE} = {FE1E7946-34AA-48C4-ABAC-02BB4AA956C2}
	EndGlobalSection
	GlobalSection(ExtensibilityGlobals) = postSolution
		SolutionGuid = {00FD8B46-9A88-41F6-91B2-84048C377383}
	EndGlobalSection
EndGlobal
