
Microsoft Visual Studio Solution File, Format Version 12.00
# Visual Studio Version 17
VisualStudioVersion = 17.2.32630.192
MinimumVisualStudioVersion = 10.0.40219.1
Project("{9A19103F-16F7-4668-BE54-9A1E7A4F7556}") = "OCPPTests", "OCPPTests\OCPPTests.csproj", "{D9F96C79-A53B-478D-87B9-53ED6C0F3B06}"
EndProject
Project("{2150E333-8FDC-42A3-9474-1A3956D46DE8}") = "Dependencies", "Dependencies", "{180AA3CB-C0B6-409F-808C-EBDF5050E369}"
EndProject
Project("{2150E333-8FDC-42A3-9474-1A3956D46DE8}") = "Vanaheimr", "Vanaheimr", "{FE1E7946-34AA-48C4-ABAC-02BB4AA956C2}"
EndProject
Project("{2150E333-8FDC-42A3-9474-1A3956D46DE8}") = "OCPPv1.6", "OCPPv1.6", "{F4152E9B-4D7D-4085-B035-8CB1A4F882CB}"
EndProject
Project("{9A19103F-16F7-4668-BE54-9A1E7A4F7556}") = "WWCP_OCPPv1.6", "libs\WWCP_OCPP\WWCP_OCPPv1.6\WWCP_OCPPv1.6.csproj", "{60DFC3AA-A271-4318-AD91-45B084D50E43}"
EndProject
Project("{9A19103F-16F7-4668-BE54-9A1E7A4F7556}") = "WWCP_OCPPv1.6_Tests", "libs\WWCP_OCPP\WWCP_OCPPv1.6_Tests\WWCP_OCPPv1.6_Tests.csproj", "{F1EFD571-7C44-4D4E-9105-26572F03A2E8}"
EndProject
Project("{9A19103F-16F7-4668-BE54-9A1E7A4F7556}") = "WWCP_OCPPv1.6_WebAPI", "libs\WWCP_OCPP\WWCP_OCPPv1.6_WebAPI\WWCP_OCPPv1.6_WebAPI.csproj", "{209FFD73-EC21-44ED-B89B-E3D64D0CF0B8}"
EndProject
Project("{9A19103F-16F7-4668-BE54-9A1E7A4F7556}") = "WWCP_OCPPv1.6_Adapter", "libs\WWCP_OCPP\WWCP_OCPPv1.6_Adapter\WWCP_OCPPv1.6_Adapter.csproj", "{ACF4E94B-5A73-42A4-927C-E71120837E89}"
EndProject
Project("{9A19103F-16F7-4668-BE54-9A1E7A4F7556}") = "Styx", "libs\Styx\Styx\Styx.csproj", "{E7BF7A35-3222-4D23-AADC-646F9F15D13C}"
EndProject
Project("{9A19103F-16F7-4668-BE54-9A1E7A4F7556}") = "StyxTests", "libs\Styx\StyxTests\StyxTests.csproj", "{68437646-FD24-452B-96E8-734BE1233713}"
EndProject
Project("{9A19103F-16F7-4668-BE54-9A1E7A4F7556}") = "Hermod", "libs\Hermod\Hermod\Hermod.csproj", "{4C7E236B-9331-4BFB-B30E-0ADD00FBAD26}"
EndProject
Project("{9A19103F-16F7-4668-BE54-9A1E7A4F7556}") = "HermodTests", "libs\Hermod\HermodTests\HermodTests.csproj", "{F247EE1C-A051-4FC0-A993-0D4149569C0A}"
EndProject
Project("{9A19103F-16F7-4668-BE54-9A1E7A4F7556}") = "SMSAPI", "libs\SMSAPI\SMSAPI\SMSAPI.csproj", "{D1C32337-C1AB-4C64-896C-4B8F7FB41B93}"
EndProject
Project("{9A19103F-16F7-4668-BE54-9A1E7A4F7556}") = "TelegramBotAPI", "libs\TelegramBotAPI\TelegramBotAPI\TelegramBotAPI.csproj", "{E62F2EFC-814E-4213-997B-ACE01148578E}"
EndProject
Project("{9A19103F-16F7-4668-BE54-9A1E7A4F7556}") = "UsersAPI", "libs\UsersAPI\UsersAPI\UsersAPI.csproj", "{5E3B1B0E-B19B-4E28-9F44-D6F11FE74ABB}"
EndProject
Project("{9A19103F-16F7-4668-BE54-9A1E7A4F7556}") = "UsersAPITests", "libs\UsersAPI\UsersAPITests\UsersAPITests.csproj", "{A9E224BD-24BC-46BE-BB26-D0D105CEB044}"
EndProject
Project("{2150E333-8FDC-42A3-9474-1A3956D46DE8}") = "OpenChargingCloud", "OpenChargingCloud", "{910A6BCE-61D7-4388-AB5B-58404CECA0B3}"
EndProject
Project("{9A19103F-16F7-4668-BE54-9A1E7A4F7556}") = "WWCP_Core", "libs\WWCP_Core\WWCP_Core\WWCP_Core.csproj", "{5BCDA380-A331-4686-ADF0-C8DFBDD8BC0A}"
EndProject
Project("{9A19103F-16F7-4668-BE54-9A1E7A4F7556}") = "WWCP_Core_Tests", "libs\WWCP_Core\WWCP_Core_Tests\WWCP_Core_Tests.csproj", "{5B36ABFF-AA64-44B1-87C6-6D71D9C44A66}"
EndProject
Project("{9A19103F-16F7-4668-BE54-9A1E7A4F7556}") = "OpenChargingCloudAPI", "libs\OpenChargingCloudAPI\OpenChargingCloudAPI\OpenChargingCloudAPI.csproj", "{74BC435F-1DDB-47EC-95AC-4563F591637D}"
EndProject
Project("{9A19103F-16F7-4668-BE54-9A1E7A4F7556}") = "OpenChargingCloudAPITests", "libs\OpenChargingCloudAPI\OpenChargingCloudAPITests\OpenChargingCloudAPITests.csproj", "{F4706358-AAD7-4207-A904-F3576A99200B}"
EndProject
Project("{2150E333-8FDC-42A3-9474-1A3956D46DE8}") = "OCPPv2.0", "OCPPv2.0", "{9B2FE673-67DD-4C0D-B391-C2B9B4EDC719}"
EndProject
Project("{9A19103F-16F7-4668-BE54-9A1E7A4F7556}") = "WWCP_OCPPv2.0", "libs\WWCP_OCPP\WWCP_OCPPv2.0\WWCP_OCPPv2.0.csproj", "{5D288FCB-6EAC-4D27-8016-0AB99EC3F9D0}"
EndProject
Project("{9A19103F-16F7-4668-BE54-9A1E7A4F7556}") = "WWCP_OCPPv2.0_Adapter", "libs\WWCP_OCPP\WWCP_OCPPv2.0_Adapter\WWCP_OCPPv2.0_Adapter.csproj", "{598C3E28-B5E1-4A5E-9BBF-8BEE8A8B504C}"
EndProject
Project("{9A19103F-16F7-4668-BE54-9A1E7A4F7556}") = "WWCP_OCPPv2.0_Tests", "libs\WWCP_OCPP\WWCP_OCPPv2.0_Tests\WWCP_OCPPv2.0_Tests.csproj", "{B9305DA3-7A39-4A84-B98E-BAAC9F49282F}"
EndProject
Project("{9A19103F-16F7-4668-BE54-9A1E7A4F7556}") = "WWCP_OCPPv2.0_WebAPI", "libs\WWCP_OCPP\WWCP_OCPPv2.0_WebAPI\WWCP_OCPPv2.0_WebAPI.csproj", "{02DF8C68-93D2-4B56-B3A3-48FA967ABB37}"
EndProject
Global
	GlobalSection(SolutionConfigurationPlatforms) = preSolution
		Debug|Any CPU = Debug|Any CPU
		Release|Any CPU = Release|Any CPU
	EndGlobalSection
	GlobalSection(ProjectConfigurationPlatforms) = postSolution
		{D9F96C79-A53B-478D-87B9-53ED6C0F3B06}.Debug|Any CPU.ActiveCfg = Debug|Any CPU
		{D9F96C79-A53B-478D-87B9-53ED6C0F3B06}.Debug|Any CPU.Build.0 = Debug|Any CPU
		{D9F96C79-A53B-478D-87B9-53ED6C0F3B06}.Release|Any CPU.ActiveCfg = Release|Any CPU
		{D9F96C79-A53B-478D-87B9-53ED6C0F3B06}.Release|Any CPU.Build.0 = Release|Any CPU
		{60DFC3AA-A271-4318-AD91-45B084D50E43}.Debug|Any CPU.ActiveCfg = Debug|Any CPU
		{60DFC3AA-A271-4318-AD91-45B084D50E43}.Debug|Any CPU.Build.0 = Debug|Any CPU
		{60DFC3AA-A271-4318-AD91-45B084D50E43}.Release|Any CPU.ActiveCfg = Release|Any CPU
		{60DFC3AA-A271-4318-AD91-45B084D50E43}.Release|Any CPU.Build.0 = Release|Any CPU
		{F1EFD571-7C44-4D4E-9105-26572F03A2E8}.Debug|Any CPU.ActiveCfg = Debug|Any CPU
		{F1EFD571-7C44-4D4E-9105-26572F03A2E8}.Debug|Any CPU.Build.0 = Debug|Any CPU
		{F1EFD571-7C44-4D4E-9105-26572F03A2E8}.Release|Any CPU.ActiveCfg = Release|Any CPU
		{F1EFD571-7C44-4D4E-9105-26572F03A2E8}.Release|Any CPU.Build.0 = Release|Any CPU
		{209FFD73-EC21-44ED-B89B-E3D64D0CF0B8}.Debug|Any CPU.ActiveCfg = Debug|Any CPU
		{209FFD73-EC21-44ED-B89B-E3D64D0CF0B8}.Debug|Any CPU.Build.0 = Debug|Any CPU
		{209FFD73-EC21-44ED-B89B-E3D64D0CF0B8}.Release|Any CPU.ActiveCfg = Release|Any CPU
		{209FFD73-EC21-44ED-B89B-E3D64D0CF0B8}.Release|Any CPU.Build.0 = Release|Any CPU
		{ACF4E94B-5A73-42A4-927C-E71120837E89}.Debug|Any CPU.ActiveCfg = Debug|Any CPU
		{ACF4E94B-5A73-42A4-927C-E71120837E89}.Debug|Any CPU.Build.0 = Debug|Any CPU
		{ACF4E94B-5A73-42A4-927C-E71120837E89}.Release|Any CPU.ActiveCfg = Release|Any CPU
		{ACF4E94B-5A73-42A4-927C-E71120837E89}.Release|Any CPU.Build.0 = Release|Any CPU
		{E7BF7A35-3222-4D23-AADC-646F9F15D13C}.Debug|Any CPU.ActiveCfg = Debug|Any CPU
		{E7BF7A35-3222-4D23-AADC-646F9F15D13C}.Debug|Any CPU.Build.0 = Debug|Any CPU
		{E7BF7A35-3222-4D23-AADC-646F9F15D13C}.Release|Any CPU.ActiveCfg = Release|Any CPU
		{E7BF7A35-3222-4D23-AADC-646F9F15D13C}.Release|Any CPU.Build.0 = Release|Any CPU
		{68437646-FD24-452B-96E8-734BE1233713}.Debug|Any CPU.ActiveCfg = Debug|Any CPU
		{68437646-FD24-452B-96E8-734BE1233713}.Debug|Any CPU.Build.0 = Debug|Any CPU
		{68437646-FD24-452B-96E8-734BE1233713}.Release|Any CPU.ActiveCfg = Release|Any CPU
		{68437646-FD24-452B-96E8-734BE1233713}.Release|Any CPU.Build.0 = Release|Any CPU
		{4C7E236B-9331-4BFB-B30E-0ADD00FBAD26}.Debug|Any CPU.ActiveCfg = Debug|Any CPU
		{4C7E236B-9331-4BFB-B30E-0ADD00FBAD26}.Debug|Any CPU.Build.0 = Debug|Any CPU
		{4C7E236B-9331-4BFB-B30E-0ADD00FBAD26}.Release|Any CPU.ActiveCfg = Release|Any CPU
		{4C7E236B-9331-4BFB-B30E-0ADD00FBAD26}.Release|Any CPU.Build.0 = Release|Any CPU
		{F247EE1C-A051-4FC0-A993-0D4149569C0A}.Debug|Any CPU.ActiveCfg = Debug|Any CPU
		{F247EE1C-A051-4FC0-A993-0D4149569C0A}.Debug|Any CPU.Build.0 = Debug|Any CPU
		{F247EE1C-A051-4FC0-A993-0D4149569C0A}.Release|Any CPU.ActiveCfg = Release|Any CPU
		{F247EE1C-A051-4FC0-A993-0D4149569C0A}.Release|Any CPU.Build.0 = Release|Any CPU
		{D1C32337-C1AB-4C64-896C-4B8F7FB41B93}.Debug|Any CPU.ActiveCfg = Debug|Any CPU
		{D1C32337-C1AB-4C64-896C-4B8F7FB41B93}.Debug|Any CPU.Build.0 = Debug|Any CPU
		{D1C32337-C1AB-4C64-896C-4B8F7FB41B93}.Release|Any CPU.ActiveCfg = Release|Any CPU
		{D1C32337-C1AB-4C64-896C-4B8F7FB41B93}.Release|Any CPU.Build.0 = Release|Any CPU
		{E62F2EFC-814E-4213-997B-ACE01148578E}.Debug|Any CPU.ActiveCfg = Debug|Any CPU
		{E62F2EFC-814E-4213-997B-ACE01148578E}.Debug|Any CPU.Build.0 = Debug|Any CPU
		{E62F2EFC-814E-4213-997B-ACE01148578E}.Release|Any CPU.ActiveCfg = Release|Any CPU
		{E62F2EFC-814E-4213-997B-ACE01148578E}.Release|Any CPU.Build.0 = Release|Any CPU
		{5E3B1B0E-B19B-4E28-9F44-D6F11FE74ABB}.Debug|Any CPU.ActiveCfg = Debug|Any CPU
		{5E3B1B0E-B19B-4E28-9F44-D6F11FE74ABB}.Debug|Any CPU.Build.0 = Debug|Any CPU
		{5E3B1B0E-B19B-4E28-9F44-D6F11FE74ABB}.Release|Any CPU.ActiveCfg = Release|Any CPU
		{5E3B1B0E-B19B-4E28-9F44-D6F11FE74ABB}.Release|Any CPU.Build.0 = Release|Any CPU
		{A9E224BD-24BC-46BE-BB26-D0D105CEB044}.Debug|Any CPU.ActiveCfg = Debug|Any CPU
		{A9E224BD-24BC-46BE-BB26-D0D105CEB044}.Debug|Any CPU.Build.0 = Debug|Any CPU
		{A9E224BD-24BC-46BE-BB26-D0D105CEB044}.Release|Any CPU.ActiveCfg = Release|Any CPU
		{A9E224BD-24BC-46BE-BB26-D0D105CEB044}.Release|Any CPU.Build.0 = Release|Any CPU
		{5BCDA380-A331-4686-ADF0-C8DFBDD8BC0A}.Debug|Any CPU.ActiveCfg = Debug|Any CPU
		{5BCDA380-A331-4686-ADF0-C8DFBDD8BC0A}.Debug|Any CPU.Build.0 = Debug|Any CPU
		{5BCDA380-A331-4686-ADF0-C8DFBDD8BC0A}.Release|Any CPU.ActiveCfg = Release|Any CPU
		{5BCDA380-A331-4686-ADF0-C8DFBDD8BC0A}.Release|Any CPU.Build.0 = Release|Any CPU
		{5B36ABFF-AA64-44B1-87C6-6D71D9C44A66}.Debug|Any CPU.ActiveCfg = Debug|Any CPU
		{5B36ABFF-AA64-44B1-87C6-6D71D9C44A66}.Debug|Any CPU.Build.0 = Debug|Any CPU
		{5B36ABFF-AA64-44B1-87C6-6D71D9C44A66}.Release|Any CPU.ActiveCfg = Release|Any CPU
		{5B36ABFF-AA64-44B1-87C6-6D71D9C44A66}.Release|Any CPU.Build.0 = Release|Any CPU
		{74BC435F-1DDB-47EC-95AC-4563F591637D}.Debug|Any CPU.ActiveCfg = Debug|Any CPU
		{74BC435F-1DDB-47EC-95AC-4563F591637D}.Debug|Any CPU.Build.0 = Debug|Any CPU
		{74BC435F-1DDB-47EC-95AC-4563F591637D}.Release|Any CPU.ActiveCfg = Release|Any CPU
		{74BC435F-1DDB-47EC-95AC-4563F591637D}.Release|Any CPU.Build.0 = Release|Any CPU
		{F4706358-AAD7-4207-A904-F3576A99200B}.Debug|Any CPU.ActiveCfg = Debug|Any CPU
		{F4706358-AAD7-4207-A904-F3576A99200B}.Debug|Any CPU.Build.0 = Debug|Any CPU
		{F4706358-AAD7-4207-A904-F3576A99200B}.Release|Any CPU.ActiveCfg = Release|Any CPU
		{F4706358-AAD7-4207-A904-F3576A99200B}.Release|Any CPU.Build.0 = Release|Any CPU
		{5D288FCB-6EAC-4D27-8016-0AB99EC3F9D0}.Debug|Any CPU.ActiveCfg = Debug|Any CPU
		{5D288FCB-6EAC-4D27-8016-0AB99EC3F9D0}.Debug|Any CPU.Build.0 = Debug|Any CPU
		{5D288FCB-6EAC-4D27-8016-0AB99EC3F9D0}.Release|Any CPU.ActiveCfg = Release|Any CPU
		{5D288FCB-6EAC-4D27-8016-0AB99EC3F9D0}.Release|Any CPU.Build.0 = Release|Any CPU
		{598C3E28-B5E1-4A5E-9BBF-8BEE8A8B504C}.Debug|Any CPU.ActiveCfg = Debug|Any CPU
		{598C3E28-B5E1-4A5E-9BBF-8BEE8A8B504C}.Debug|Any CPU.Build.0 = Debug|Any CPU
		{598C3E28-B5E1-4A5E-9BBF-8BEE8A8B504C}.Release|Any CPU.ActiveCfg = Release|Any CPU
		{598C3E28-B5E1-4A5E-9BBF-8BEE8A8B504C}.Release|Any CPU.Build.0 = Release|Any CPU
		{B9305DA3-7A39-4A84-B98E-BAAC9F49282F}.Debug|Any CPU.ActiveCfg = Debug|Any CPU
		{B9305DA3-7A39-4A84-B98E-BAAC9F49282F}.Debug|Any CPU.Build.0 = Debug|Any CPU
		{B9305DA3-7A39-4A84-B98E-BAAC9F49282F}.Release|Any CPU.ActiveCfg = Release|Any CPU
		{B9305DA3-7A39-4A84-B98E-BAAC9F49282F}.Release|Any CPU.Build.0 = Release|Any CPU
		{02DF8C68-93D2-4B56-B3A3-48FA967ABB37}.Debug|Any CPU.ActiveCfg = Debug|Any CPU
		{02DF8C68-93D2-4B56-B3A3-48FA967ABB37}.Debug|Any CPU.Build.0 = Debug|Any CPU
		{02DF8C68-93D2-4B56-B3A3-48FA967ABB37}.Release|Any CPU.ActiveCfg = Release|Any CPU
		{02DF8C68-93D2-4B56-B3A3-48FA967ABB37}.Release|Any CPU.Build.0 = Release|Any CPU
	EndGlobalSection
	GlobalSection(SolutionProperties) = preSolution
		HideSolutionNode = FALSE
	EndGlobalSection
	GlobalSection(NestedProjects) = preSolution
		{FE1E7946-34AA-48C4-ABAC-02BB4AA956C2} = {180AA3CB-C0B6-409F-808C-EBDF5050E369}
		{F4152E9B-4D7D-4085-B035-8CB1A4F882CB} = {180AA3CB-C0B6-409F-808C-EBDF5050E369}
		{60DFC3AA-A271-4318-AD91-45B084D50E43} = {F4152E9B-4D7D-4085-B035-8CB1A4F882CB}
		{F1EFD571-7C44-4D4E-9105-26572F03A2E8} = {F4152E9B-4D7D-4085-B035-8CB1A4F882CB}
		{209FFD73-EC21-44ED-B89B-E3D64D0CF0B8} = {F4152E9B-4D7D-4085-B035-8CB1A4F882CB}
		{ACF4E94B-5A73-42A4-927C-E71120837E89} = {F4152E9B-4D7D-4085-B035-8CB1A4F882CB}
		{E7BF7A35-3222-4D23-AADC-646F9F15D13C} = {FE1E7946-34AA-48C4-ABAC-02BB4AA956C2}
		{68437646-FD24-452B-96E8-734BE1233713} = {FE1E7946-34AA-48C4-ABAC-02BB4AA956C2}
		{4C7E236B-9331-4BFB-B30E-0ADD00FBAD26} = {FE1E7946-34AA-48C4-ABAC-02BB4AA956C2}
		{F247EE1C-A051-4FC0-A993-0D4149569C0A} = {FE1E7946-34AA-48C4-ABAC-02BB4AA956C2}
		{D1C32337-C1AB-4C64-896C-4B8F7FB41B93} = {FE1E7946-34AA-48C4-ABAC-02BB4AA956C2}
		{E62F2EFC-814E-4213-997B-ACE01148578E} = {FE1E7946-34AA-48C4-ABAC-02BB4AA956C2}
		{5E3B1B0E-B19B-4E28-9F44-D6F11FE74ABB} = {FE1E7946-34AA-48C4-ABAC-02BB4AA956C2}
		{A9E224BD-24BC-46BE-BB26-D0D105CEB044} = {FE1E7946-34AA-48C4-ABAC-02BB4AA956C2}
		{910A6BCE-61D7-4388-AB5B-58404CECA0B3} = {180AA3CB-C0B6-409F-808C-EBDF5050E369}
		{5BCDA380-A331-4686-ADF0-C8DFBDD8BC0A} = {910A6BCE-61D7-4388-AB5B-58404CECA0B3}
		{5B36ABFF-AA64-44B1-87C6-6D71D9C44A66} = {910A6BCE-61D7-4388-AB5B-58404CECA0B3}
		{74BC435F-1DDB-47EC-95AC-4563F591637D} = {910A6BCE-61D7-4388-AB5B-58404CECA0B3}
		{F4706358-AAD7-4207-A904-F3576A99200B} = {910A6BCE-61D7-4388-AB5B-58404CECA0B3}
		{9B2FE673-67DD-4C0D-B391-C2B9B4EDC719} = {180AA3CB-C0B6-409F-808C-EBDF5050E369}
		{5D288FCB-6EAC-4D27-8016-0AB99EC3F9D0} = {9B2FE673-67DD-4C0D-B391-C2B9B4EDC719}
		{598C3E28-B5E1-4A5E-9BBF-8BEE8A8B504C} = {9B2FE673-67DD-4C0D-B391-C2B9B4EDC719}
		{B9305DA3-7A39-4A84-B98E-BAAC9F49282F} = {9B2FE673-67DD-4C0D-B391-C2B9B4EDC719}
		{02DF8C68-93D2-4B56-B3A3-48FA967ABB37} = {9B2FE673-67DD-4C0D-B391-C2B9B4EDC719}
	EndGlobalSection
	GlobalSection(ExtensibilityGlobals) = postSolution
		SolutionGuid = {00FD8B46-9A88-41F6-91B2-84048C377383}
	EndGlobalSection
EndGlobal
